
Microsoft Visual Studio Solution File, Format Version 12.00
# Visual Studio Version 17
VisualStudioVersion = 17.5.002.0
MinimumVisualStudioVersion = 10.0.40219.1
Project("{2150E333-8FDC-42A3-9474-1A3956D46DE8}") = "src", "src", "{6C8B82AF-7952-4BD9-8B98-7D5DB0E937AD}"
EndProject
Project("{FAE04EC0-301F-11D3-BF4B-00C04F79EFBC}") = "codebook", "src\codebook\codebook.csproj", "{93F919F5-BCEC-4FAC-8C7C-B7329C4795A8}"
EndProject
Project("{2150E333-8FDC-42A3-9474-1A3956D46DE8}") = "chapters", "chapters", "{5628B24A-4EA8-4324-AAB3-8FAF018A7C72}"
EndProject
Project("{FAE04EC0-301F-11D3-BF4B-00C04F79EFBC}") = "hello_world", "src\chapters\01_hello_world\hello_world.csproj", "{5345D375-63A0-40CE-AACD-CF3983317FB2}"
EndProject
Project("{FAE04EC0-301F-11D3-BF4B-00C04F79EFBC}") = "variables", "src\chapters\02_variables\variables.csproj", "{1075B298-702A-4AB9-B4AE-E5D74C8958C1}"
EndProject
Project("{FAE04EC0-301F-11D3-BF4B-00C04F79EFBC}") = "constants", "src\chapters\03_constants\constants.csproj", "{F306BE5E-04E4-4DEF-965E-E8C50F78B589}"
EndProject
Project("{FAE04EC0-301F-11D3-BF4B-00C04F79EFBC}") = "primitives", "src\chapters\04_primitives\primitives.csproj", "{F7386AC8-CD7D-4D77-B8B7-3855A6C7C3D2}"
EndProject
Project("{FAE04EC0-301F-11D3-BF4B-00C04F79EFBC}") = "nullables", "src\chapters\05_nullables\nullables.csproj", "{9148B679-B7BA-4285-A188-2FE18A227291}"
EndProject
Project("{FAE04EC0-301F-11D3-BF4B-00C04F79EFBC}") = "type-inference", "src\chapters\06_type-inference\type-inference.csproj", "{B8522DED-760A-4B1B-8B12-0397F16F1A91}"
EndProject
Project("{FAE04EC0-301F-11D3-BF4B-00C04F79EFBC}") = "arithmetic-operators", "src\chapters\07_arithmetic-operators\arithmetic-operators.csproj", "{40FBD360-B5AB-4FE5-B81F-D85BA5100C00}"
EndProject
Project("{FAE04EC0-301F-11D3-BF4B-00C04F79EFBC}") = "comparison-operators", "src\chapters\08_comparison-operators\comparison-operators.csproj", "{00E9F573-6BBA-4978-B253-737880BE8EC4}"
EndProject
Project("{FAE04EC0-301F-11D3-BF4B-00C04F79EFBC}") = "logical-operators", "src\chapters\09_logical-operators\logical-operators.csproj", "{324C7E11-20DC-4DB2-8EF5-333E6DADF1F0}"
EndProject
Project("{FAE04EC0-301F-11D3-BF4B-00C04F79EFBC}") = "bitwise-operators", "src\chapters\10_bitwise-operators\bitwise-operators.csproj", "{6D7A1403-F275-4292-8316-95DFB1966BC0}"
EndProject
Project("{FAE04EC0-301F-11D3-BF4B-00C04F79EFBC}") = "conditional-statements", "src\chapters\11_conditional-statements\conditional-statements.csproj", "{689631CD-64AF-40AE-BC1B-B343FADA66D1}"
EndProject
Project("{FAE04EC0-301F-11D3-BF4B-00C04F79EFBC}") = "switch-statements", "src\chapters\12_switch-statements\switch-statements.csproj", "{AA0D2110-29AD-4A4A-8E0F-E1B0E6FEC264}"
EndProject
Project("{FAE04EC0-301F-11D3-BF4B-00C04F79EFBC}") = "for-loop", "src\chapters\13_for-loop\for-loop.csproj", "{5AB978DD-4BD1-4D41-9D59-23C928ED8FA2}"
EndProject
Project("{FAE04EC0-301F-11D3-BF4B-00C04F79EFBC}") = "while-loop", "src\chapters\14_while-loop\while-loop.csproj", "{561FFFD1-B4CF-4FDD-8E79-7FF19F59812C}"
EndProject
Project("{FAE04EC0-301F-11D3-BF4B-00C04F79EFBC}") = "foreach-loop", "src\chapters\15_foreach-loop\foreach-loop.csproj", "{A063BAB6-999A-40F9-84A9-753248CB7B99}"
EndProject
Project("{FAE04EC0-301F-11D3-BF4B-00C04F79EFBC}") = "throw-exceptions", "src\chapters\16_throw-exceptions\throw-exceptions.csproj", "{4CAA8198-3ED1-423E-80BB-7ADB3C3E0707}"
EndProject
Project("{FAE04EC0-301F-11D3-BF4B-00C04F79EFBC}") = "handle-exceptions", "src\chapters\17_handle-exceptions\handle-exceptions.csproj", "{0C098FBA-CD65-4BCD-A0DB-FBDB2B0739E6}"
EndProject
Project("{FAE04EC0-301F-11D3-BF4B-00C04F79EFBC}") = "methods-definition", "src\chapters\18_methods-definition\methods-definition.csproj", "{3D74F0DC-FE72-41C7-A414-62873825242E}"
EndProject
Global
	GlobalSection(SolutionConfigurationPlatforms) = preSolution
		Debug|Any CPU = Debug|Any CPU
		Release|Any CPU = Release|Any CPU
	EndGlobalSection
	GlobalSection(ProjectConfigurationPlatforms) = postSolution
		{93F919F5-BCEC-4FAC-8C7C-B7329C4795A8}.Debug|Any CPU.ActiveCfg = Debug|Any CPU
		{93F919F5-BCEC-4FAC-8C7C-B7329C4795A8}.Debug|Any CPU.Build.0 = Debug|Any CPU
		{93F919F5-BCEC-4FAC-8C7C-B7329C4795A8}.Release|Any CPU.ActiveCfg = Release|Any CPU
		{93F919F5-BCEC-4FAC-8C7C-B7329C4795A8}.Release|Any CPU.Build.0 = Release|Any CPU
		{5345D375-63A0-40CE-AACD-CF3983317FB2}.Debug|Any CPU.ActiveCfg = Debug|Any CPU
		{5345D375-63A0-40CE-AACD-CF3983317FB2}.Debug|Any CPU.Build.0 = Debug|Any CPU
		{5345D375-63A0-40CE-AACD-CF3983317FB2}.Release|Any CPU.ActiveCfg = Release|Any CPU
		{5345D375-63A0-40CE-AACD-CF3983317FB2}.Release|Any CPU.Build.0 = Release|Any CPU
		{1075B298-702A-4AB9-B4AE-E5D74C8958C1}.Debug|Any CPU.ActiveCfg = Debug|Any CPU
		{1075B298-702A-4AB9-B4AE-E5D74C8958C1}.Debug|Any CPU.Build.0 = Debug|Any CPU
		{1075B298-702A-4AB9-B4AE-E5D74C8958C1}.Release|Any CPU.ActiveCfg = Release|Any CPU
		{1075B298-702A-4AB9-B4AE-E5D74C8958C1}.Release|Any CPU.Build.0 = Release|Any CPU
		{F306BE5E-04E4-4DEF-965E-E8C50F78B589}.Debug|Any CPU.ActiveCfg = Debug|Any CPU
		{F306BE5E-04E4-4DEF-965E-E8C50F78B589}.Debug|Any CPU.Build.0 = Debug|Any CPU
		{F306BE5E-04E4-4DEF-965E-E8C50F78B589}.Release|Any CPU.ActiveCfg = Release|Any CPU
		{F306BE5E-04E4-4DEF-965E-E8C50F78B589}.Release|Any CPU.Build.0 = Release|Any CPU
		{F7386AC8-CD7D-4D77-B8B7-3855A6C7C3D2}.Debug|Any CPU.ActiveCfg = Debug|Any CPU
		{F7386AC8-CD7D-4D77-B8B7-3855A6C7C3D2}.Debug|Any CPU.Build.0 = Debug|Any CPU
		{F7386AC8-CD7D-4D77-B8B7-3855A6C7C3D2}.Release|Any CPU.ActiveCfg = Release|Any CPU
		{F7386AC8-CD7D-4D77-B8B7-3855A6C7C3D2}.Release|Any CPU.Build.0 = Release|Any CPU
		{9148B679-B7BA-4285-A188-2FE18A227291}.Debug|Any CPU.ActiveCfg = Debug|Any CPU
		{9148B679-B7BA-4285-A188-2FE18A227291}.Debug|Any CPU.Build.0 = Debug|Any CPU
		{9148B679-B7BA-4285-A188-2FE18A227291}.Release|Any CPU.ActiveCfg = Release|Any CPU
		{9148B679-B7BA-4285-A188-2FE18A227291}.Release|Any CPU.Build.0 = Release|Any CPU
		{B8522DED-760A-4B1B-8B12-0397F16F1A91}.Debug|Any CPU.ActiveCfg = Debug|Any CPU
		{B8522DED-760A-4B1B-8B12-0397F16F1A91}.Debug|Any CPU.Build.0 = Debug|Any CPU
		{B8522DED-760A-4B1B-8B12-0397F16F1A91}.Release|Any CPU.ActiveCfg = Release|Any CPU
		{B8522DED-760A-4B1B-8B12-0397F16F1A91}.Release|Any CPU.Build.0 = Release|Any CPU
		{40FBD360-B5AB-4FE5-B81F-D85BA5100C00}.Debug|Any CPU.ActiveCfg = Debug|Any CPU
		{40FBD360-B5AB-4FE5-B81F-D85BA5100C00}.Debug|Any CPU.Build.0 = Debug|Any CPU
		{40FBD360-B5AB-4FE5-B81F-D85BA5100C00}.Release|Any CPU.ActiveCfg = Release|Any CPU
		{40FBD360-B5AB-4FE5-B81F-D85BA5100C00}.Release|Any CPU.Build.0 = Release|Any CPU
		{00E9F573-6BBA-4978-B253-737880BE8EC4}.Debug|Any CPU.ActiveCfg = Debug|Any CPU
		{00E9F573-6BBA-4978-B253-737880BE8EC4}.Debug|Any CPU.Build.0 = Debug|Any CPU
		{00E9F573-6BBA-4978-B253-737880BE8EC4}.Release|Any CPU.ActiveCfg = Release|Any CPU
		{00E9F573-6BBA-4978-B253-737880BE8EC4}.Release|Any CPU.Build.0 = Release|Any CPU
		{324C7E11-20DC-4DB2-8EF5-333E6DADF1F0}.Debug|Any CPU.ActiveCfg = Debug|Any CPU
		{324C7E11-20DC-4DB2-8EF5-333E6DADF1F0}.Debug|Any CPU.Build.0 = Debug|Any CPU
		{324C7E11-20DC-4DB2-8EF5-333E6DADF1F0}.Release|Any CPU.ActiveCfg = Release|Any CPU
		{324C7E11-20DC-4DB2-8EF5-333E6DADF1F0}.Release|Any CPU.Build.0 = Release|Any CPU
		{6D7A1403-F275-4292-8316-95DFB1966BC0}.Debug|Any CPU.ActiveCfg = Debug|Any CPU
		{6D7A1403-F275-4292-8316-95DFB1966BC0}.Debug|Any CPU.Build.0 = Debug|Any CPU
		{6D7A1403-F275-4292-8316-95DFB1966BC0}.Release|Any CPU.ActiveCfg = Release|Any CPU
		{6D7A1403-F275-4292-8316-95DFB1966BC0}.Release|Any CPU.Build.0 = Release|Any CPU
		{689631CD-64AF-40AE-BC1B-B343FADA66D1}.Debug|Any CPU.ActiveCfg = Debug|Any CPU
		{689631CD-64AF-40AE-BC1B-B343FADA66D1}.Debug|Any CPU.Build.0 = Debug|Any CPU
		{689631CD-64AF-40AE-BC1B-B343FADA66D1}.Release|Any CPU.ActiveCfg = Release|Any CPU
		{689631CD-64AF-40AE-BC1B-B343FADA66D1}.Release|Any CPU.Build.0 = Release|Any CPU
		{AA0D2110-29AD-4A4A-8E0F-E1B0E6FEC264}.Debug|Any CPU.ActiveCfg = Debug|Any CPU
		{AA0D2110-29AD-4A4A-8E0F-E1B0E6FEC264}.Debug|Any CPU.Build.0 = Debug|Any CPU
		{AA0D2110-29AD-4A4A-8E0F-E1B0E6FEC264}.Release|Any CPU.ActiveCfg = Release|Any CPU
		{AA0D2110-29AD-4A4A-8E0F-E1B0E6FEC264}.Release|Any CPU.Build.0 = Release|Any CPU
		{5AB978DD-4BD1-4D41-9D59-23C928ED8FA2}.Debug|Any CPU.ActiveCfg = Debug|Any CPU
		{5AB978DD-4BD1-4D41-9D59-23C928ED8FA2}.Debug|Any CPU.Build.0 = Debug|Any CPU
		{5AB978DD-4BD1-4D41-9D59-23C928ED8FA2}.Release|Any CPU.ActiveCfg = Release|Any CPU
		{5AB978DD-4BD1-4D41-9D59-23C928ED8FA2}.Release|Any CPU.Build.0 = Release|Any CPU
		{561FFFD1-B4CF-4FDD-8E79-7FF19F59812C}.Debug|Any CPU.ActiveCfg = Debug|Any CPU
		{561FFFD1-B4CF-4FDD-8E79-7FF19F59812C}.Debug|Any CPU.Build.0 = Debug|Any CPU
		{561FFFD1-B4CF-4FDD-8E79-7FF19F59812C}.Release|Any CPU.ActiveCfg = Release|Any CPU
		{561FFFD1-B4CF-4FDD-8E79-7FF19F59812C}.Release|Any CPU.Build.0 = Release|Any CPU
		{A063BAB6-999A-40F9-84A9-753248CB7B99}.Debug|Any CPU.ActiveCfg = Debug|Any CPU
		{A063BAB6-999A-40F9-84A9-753248CB7B99}.Debug|Any CPU.Build.0 = Debug|Any CPU
		{A063BAB6-999A-40F9-84A9-753248CB7B99}.Release|Any CPU.ActiveCfg = Release|Any CPU
		{A063BAB6-999A-40F9-84A9-753248CB7B99}.Release|Any CPU.Build.0 = Release|Any CPU
		{4CAA8198-3ED1-423E-80BB-7ADB3C3E0707}.Debug|Any CPU.ActiveCfg = Debug|Any CPU
		{4CAA8198-3ED1-423E-80BB-7ADB3C3E0707}.Debug|Any CPU.Build.0 = Debug|Any CPU
		{4CAA8198-3ED1-423E-80BB-7ADB3C3E0707}.Release|Any CPU.ActiveCfg = Release|Any CPU
		{4CAA8198-3ED1-423E-80BB-7ADB3C3E0707}.Release|Any CPU.Build.0 = Release|Any CPU
		{0C098FBA-CD65-4BCD-A0DB-FBDB2B0739E6}.Debug|Any CPU.ActiveCfg = Debug|Any CPU
		{0C098FBA-CD65-4BCD-A0DB-FBDB2B0739E6}.Debug|Any CPU.Build.0 = Debug|Any CPU
		{0C098FBA-CD65-4BCD-A0DB-FBDB2B0739E6}.Release|Any CPU.ActiveCfg = Release|Any CPU
		{0C098FBA-CD65-4BCD-A0DB-FBDB2B0739E6}.Release|Any CPU.Build.0 = Release|Any CPU
		{3D74F0DC-FE72-41C7-A414-62873825242E}.Debug|Any CPU.ActiveCfg = Debug|Any CPU
		{3D74F0DC-FE72-41C7-A414-62873825242E}.Debug|Any CPU.Build.0 = Debug|Any CPU
		{3D74F0DC-FE72-41C7-A414-62873825242E}.Release|Any CPU.ActiveCfg = Release|Any CPU
		{3D74F0DC-FE72-41C7-A414-62873825242E}.Release|Any CPU.Build.0 = Release|Any CPU
	EndGlobalSection
	GlobalSection(SolutionProperties) = preSolution
		HideSolutionNode = FALSE
	EndGlobalSection
	GlobalSection(NestedProjects) = preSolution
		{93F919F5-BCEC-4FAC-8C7C-B7329C4795A8} = {6C8B82AF-7952-4BD9-8B98-7D5DB0E937AD}
		{5628B24A-4EA8-4324-AAB3-8FAF018A7C72} = {6C8B82AF-7952-4BD9-8B98-7D5DB0E937AD}
		{5345D375-63A0-40CE-AACD-CF3983317FB2} = {5628B24A-4EA8-4324-AAB3-8FAF018A7C72}
		{1075B298-702A-4AB9-B4AE-E5D74C8958C1} = {5628B24A-4EA8-4324-AAB3-8FAF018A7C72}
		{F306BE5E-04E4-4DEF-965E-E8C50F78B589} = {5628B24A-4EA8-4324-AAB3-8FAF018A7C72}
		{F7386AC8-CD7D-4D77-B8B7-3855A6C7C3D2} = {5628B24A-4EA8-4324-AAB3-8FAF018A7C72}
		{9148B679-B7BA-4285-A188-2FE18A227291} = {5628B24A-4EA8-4324-AAB3-8FAF018A7C72}
		{B8522DED-760A-4B1B-8B12-0397F16F1A91} = {5628B24A-4EA8-4324-AAB3-8FAF018A7C72}
		{40FBD360-B5AB-4FE5-B81F-D85BA5100C00} = {5628B24A-4EA8-4324-AAB3-8FAF018A7C72}
		{00E9F573-6BBA-4978-B253-737880BE8EC4} = {5628B24A-4EA8-4324-AAB3-8FAF018A7C72}
		{324C7E11-20DC-4DB2-8EF5-333E6DADF1F0} = {5628B24A-4EA8-4324-AAB3-8FAF018A7C72}
		{6D7A1403-F275-4292-8316-95DFB1966BC0} = {5628B24A-4EA8-4324-AAB3-8FAF018A7C72}
		{689631CD-64AF-40AE-BC1B-B343FADA66D1} = {5628B24A-4EA8-4324-AAB3-8FAF018A7C72}
		{AA0D2110-29AD-4A4A-8E0F-E1B0E6FEC264} = {5628B24A-4EA8-4324-AAB3-8FAF018A7C72}
		{5AB978DD-4BD1-4D41-9D59-23C928ED8FA2} = {5628B24A-4EA8-4324-AAB3-8FAF018A7C72}
		{561FFFD1-B4CF-4FDD-8E79-7FF19F59812C} = {5628B24A-4EA8-4324-AAB3-8FAF018A7C72}
		{A063BAB6-999A-40F9-84A9-753248CB7B99} = {5628B24A-4EA8-4324-AAB3-8FAF018A7C72}
		{4CAA8198-3ED1-423E-80BB-7ADB3C3E0707} = {5628B24A-4EA8-4324-AAB3-8FAF018A7C72}
		{0C098FBA-CD65-4BCD-A0DB-FBDB2B0739E6} = {5628B24A-4EA8-4324-AAB3-8FAF018A7C72}
		{3D74F0DC-FE72-41C7-A414-62873825242E} = {5628B24A-4EA8-4324-AAB3-8FAF018A7C72}
	EndGlobalSection
	GlobalSection(ExtensibilityGlobals) = postSolution
		SolutionGuid = {45BE1D52-C5CC-42F3-AA79-B2ADB82BA8E2}
	EndGlobalSection
EndGlobal
