
Microsoft Visual Studio Solution File, Format Version 12.00
# Visual Studio Version 17
VisualStudioVersion = 17.5.002.0
MinimumVisualStudioVersion = 10.0.40219.1
Project("{2150E333-8FDC-42A3-9474-1A3956D46DE8}") = "src", "src", "{6C8B82AF-7952-4BD9-8B98-7D5DB0E937AD}"
EndProject
Project("{FAE04EC0-301F-11D3-BF4B-00C04F79EFBC}") = "codebook", "src\codebook\codebook.csproj", "{93F919F5-BCEC-4FAC-8C7C-B7329C4795A8}"
EndProject
Project("{2150E333-8FDC-42A3-9474-1A3956D46DE8}") = "chapters", "chapters", "{5628B24A-4EA8-4324-AAB3-8FAF018A7C72}"
EndProject
Project("{2150E333-8FDC-42A3-9474-1A3956D46DE8}") = "07_class", "07_class", "{C740A8DC-AACE-44D1-87DF-7A5941F4EA10}"
EndProject
Project("{FAE04EC0-301F-11D3-BF4B-00C04F79EFBC}") = "08_inheritance", "src\chapters\07_class\08_inheritance\08_inheritance.csproj", "{26F0FCB4-13AF-41A5-90BC-516C307D2041}"
EndProject
Project("{FAE04EC0-301F-11D3-BF4B-00C04F79EFBC}") = "07_finalizers", "src\chapters\07_class\07_finalizers\07_finalizers.csproj", "{44642F52-619B-4DC9-8298-C0DB7B91EDB4}"
EndProject
Project("{FAE04EC0-301F-11D3-BF4B-00C04F79EFBC}") = "01_class-definition", "src\chapters\07_class\01_class-definition\01_class-definition.csproj", "{9D3B9818-E637-473B-9701-A2E8CF6555DC}"
EndProject
Project("{FAE04EC0-301F-11D3-BF4B-00C04F79EFBC}") = "02_class-fields", "src\chapters\07_class\02_class-fields\02_class-fields.csproj", "{149BA5BE-3CF3-4191-9FD1-AF96A5028F47}"
EndProject
Project("{FAE04EC0-301F-11D3-BF4B-00C04F79EFBC}") = "03_class-properties", "src\chapters\07_class\03_class-properties\03_class-properties.csproj", "{6CE565FC-C382-4797-A059-DC201D1D33BD}"
EndProject
Project("{FAE04EC0-301F-11D3-BF4B-00C04F79EFBC}") = "04_class-methods", "src\chapters\07_class\04_class-methods\04_class-methods.csproj", "{AAF323B2-046A-4DFC-A034-FE5A5A908C01}"
EndProject
Project("{FAE04EC0-301F-11D3-BF4B-00C04F79EFBC}") = "05_constructors-parameterized", "src\chapters\07_class\05_constructors-parameterized\05_constructors-parameterized.csproj", "{23F454AE-F28A-462E-93D1-29329748B9C3}"
EndProject
Project("{FAE04EC0-301F-11D3-BF4B-00C04F79EFBC}") = "06_constructors-static", "src\chapters\07_class\06_constructors-static\06_constructors-static.csproj", "{75E65FCE-3F3E-4880-BBD7-438DBF2CCDFF}"
EndProject
Project("{2150E333-8FDC-42A3-9474-1A3956D46DE8}") = "01_basics", "01_basics", "{45E5AF50-1BC7-4D31-977A-66170685F992}"
EndProject
Project("{FAE04EC0-301F-11D3-BF4B-00C04F79EFBC}") = "01_hello-world", "src\chapters\01_basics\01_hello-world\01_hello-world.csproj", "{B03C9197-1D64-4FCF-85FD-A249D3F0EF4C}"
EndProject
Project("{FAE04EC0-301F-11D3-BF4B-00C04F79EFBC}") = "02_variables", "src\chapters\01_basics\02_variables\02_variables.csproj", "{6BB83F53-B27C-4CF8-B74F-B4789A2E5ADE}"
EndProject
Project("{FAE04EC0-301F-11D3-BF4B-00C04F79EFBC}") = "03_constants", "src\chapters\01_basics\03_constants\03_constants.csproj", "{E9B6CCDA-DF98-4009-B22F-E0DBC01558CA}"
EndProject
Project("{FAE04EC0-301F-11D3-BF4B-00C04F79EFBC}") = "04_primitives", "src\chapters\01_basics\04_primitives\04_primitives.csproj", "{063DF0CC-DDD1-47E6-A863-709D742EE0F2}"
EndProject
Project("{FAE04EC0-301F-11D3-BF4B-00C04F79EFBC}") = "05_nullables", "src\chapters\01_basics\05_nullables\05_nullables.csproj", "{B3327C58-698F-4EB8-A9CF-8992410734D3}"
EndProject
Project("{FAE04EC0-301F-11D3-BF4B-00C04F79EFBC}") = "06_type-inference", "src\chapters\01_basics\06_type-inference\06_type-inference.csproj", "{7CFAAD04-D0B4-4765-BEC9-05632B67DC74}"
EndProject
Project("{2150E333-8FDC-42A3-9474-1A3956D46DE8}") = "02_operators", "02_operators", "{E9DE53A7-5EEC-41A9-B68F-5C8FBB8C5E53}"
EndProject
Project("{FAE04EC0-301F-11D3-BF4B-00C04F79EFBC}") = "01_arithmetic-operators", "src\chapters\02_operators\01_arithmetic-operators\01_arithmetic-operators.csproj", "{5D5C3B37-DCBD-477E-AF01-93F64B152895}"
EndProject
Project("{FAE04EC0-301F-11D3-BF4B-00C04F79EFBC}") = "02_comparison-operators", "src\chapters\02_operators\02_comparison-operators\02_comparison-operators.csproj", "{AB3EA9F7-93D1-4EDA-96E7-14B9C175ACE0}"
EndProject
Project("{FAE04EC0-301F-11D3-BF4B-00C04F79EFBC}") = "03_logical-operators", "src\chapters\02_operators\03_logical-operators\03_logical-operators.csproj", "{A27403E1-2E43-4765-A77E-5CEBF00B174D}"
EndProject
Project("{FAE04EC0-301F-11D3-BF4B-00C04F79EFBC}") = "04_bitwise-operators", "src\chapters\02_operators\04_bitwise-operators\04_bitwise-operators.csproj", "{817E9A4B-1A41-4C28-9B76-493675400962}"
EndProject
Project("{2150E333-8FDC-42A3-9474-1A3956D46DE8}") = "03_flow-controls", "03_flow-controls", "{AE58DEC1-80F3-4ECB-A9E3-550332D26210}"
EndProject
Project("{FAE04EC0-301F-11D3-BF4B-00C04F79EFBC}") = "01_conditional-statements", "src\chapters\03_flow-controls\01_conditional-statements\01_conditional-statements.csproj", "{7C049E7D-2C5D-45E0-BC18-E81F9BEDE1A5}"
EndProject
Project("{FAE04EC0-301F-11D3-BF4B-00C04F79EFBC}") = "02_switch-statements", "src\chapters\03_flow-controls\02_switch-statements\02_switch-statements.csproj", "{ECA35EA6-77FF-4B7B-9C63-2B0B16C33B9D}"
EndProject
Project("{2150E333-8FDC-42A3-9474-1A3956D46DE8}") = "04_loops", "04_loops", "{BF9FEB8F-4C08-423B-90BA-C7286398FC2E}"
EndProject
Project("{FAE04EC0-301F-11D3-BF4B-00C04F79EFBC}") = "01_for-loop", "src\chapters\04_loops\01_for-loop\01_for-loop.csproj", "{5B32702E-56D8-4179-88B9-DB17F11FFD70}"
EndProject
Project("{FAE04EC0-301F-11D3-BF4B-00C04F79EFBC}") = "02_while-loop", "src\chapters\04_loops\02_while-loop\02_while-loop.csproj", "{7D24A70F-12B6-4A89-B206-9C20F5E21BB4}"
EndProject
Project("{FAE04EC0-301F-11D3-BF4B-00C04F79EFBC}") = "03_foreach-loop", "src\chapters\04_loops\03_foreach-loop\03_foreach-loop.csproj", "{99A6BBFE-3C73-4D8E-8BDF-8218AFB5F646}"
EndProject
Project("{2150E333-8FDC-42A3-9474-1A3956D46DE8}") = "05_exceptions", "05_exceptions", "{5AE50FFC-CCAF-44BB-B3B0-2D593FF728A6}"
EndProject
Project("{FAE04EC0-301F-11D3-BF4B-00C04F79EFBC}") = "01_throw-exceptions", "src\chapters\05_exceptions\01_throw-exceptions\01_throw-exceptions.csproj", "{6EF8DFDA-079D-466F-AD9E-FD024E4A6702}"
EndProject
Project("{FAE04EC0-301F-11D3-BF4B-00C04F79EFBC}") = "02_handle-exceptions", "src\chapters\05_exceptions\02_handle-exceptions\02_handle-exceptions.csproj", "{945E71B0-8333-4B60-8738-42DD70C26188}"
EndProject
Project("{2150E333-8FDC-42A3-9474-1A3956D46DE8}") = "06_methods", "06_methods", "{FAB44F22-FFAB-4D99-B614-C9F1BC4122B0}"
EndProject
Project("{FAE04EC0-301F-11D3-BF4B-00C04F79EFBC}") = "01_methods-definition", "src\chapters\06_methods\01_methods-definition\01_methods-definition.csproj", "{E0160581-1092-488E-A992-688567E2C69B}"
EndProject
Project("{FAE04EC0-301F-11D3-BF4B-00C04F79EFBC}") = "02_methods-overload", "src\chapters\06_methods\02_methods-overload\02_methods-overload.csproj", "{FCF15EFF-CA37-4D68-BCF0-98FFB3FBAFD3}"
EndProject
Project("{FAE04EC0-301F-11D3-BF4B-00C04F79EFBC}") = "03_methods-nested", "src\chapters\06_methods\03_methods-nested\03_methods-nested.csproj", "{AF891B62-0D6C-4C61-A2F9-06D90359E4BA}"
EndProject
Project("{FAE04EC0-301F-11D3-BF4B-00C04F79EFBC}") = "04_methods-closure", "src\chapters\06_methods\04_methods-closure\04_methods-closure.csproj", "{F2EC4A77-C9C4-40EC-9720-3EC848E7CB01}"
EndProject
Project("{FAE04EC0-301F-11D3-BF4B-00C04F79EFBC}") = "05_methods-extension", "src\chapters\06_methods\05_methods-extension\05_methods-extension.csproj", "{5042C830-93D5-4A72-A82A-CE6B9C3DD8DC}"
EndProject
Project("{FAE04EC0-301F-11D3-BF4B-00C04F79EFBC}") = "09_overriding", "src\chapters\07_class\09_overriding\09_overriding.csproj", "{41C397BC-3F6C-4749-AD95-2F00EDB12800}"
EndProject
Project("{FAE04EC0-301F-11D3-BF4B-00C04F79EFBC}") = "10_interfaces", "src\chapters\07_class\10_interfaces\10_interfaces.csproj", "{7FA29215-1FFE-4473-8C6D-05F1CDE8BDEB}"
EndProject
Global
	GlobalSection(SolutionConfigurationPlatforms) = preSolution
		Debug|Any CPU = Debug|Any CPU
		Release|Any CPU = Release|Any CPU
	EndGlobalSection
	GlobalSection(ProjectConfigurationPlatforms) = postSolution
		{93F919F5-BCEC-4FAC-8C7C-B7329C4795A8}.Debug|Any CPU.ActiveCfg = Debug|Any CPU
		{93F919F5-BCEC-4FAC-8C7C-B7329C4795A8}.Debug|Any CPU.Build.0 = Debug|Any CPU
		{93F919F5-BCEC-4FAC-8C7C-B7329C4795A8}.Release|Any CPU.ActiveCfg = Release|Any CPU
		{93F919F5-BCEC-4FAC-8C7C-B7329C4795A8}.Release|Any CPU.Build.0 = Release|Any CPU
		{26F0FCB4-13AF-41A5-90BC-516C307D2041}.Debug|Any CPU.ActiveCfg = Debug|Any CPU
		{26F0FCB4-13AF-41A5-90BC-516C307D2041}.Debug|Any CPU.Build.0 = Debug|Any CPU
		{26F0FCB4-13AF-41A5-90BC-516C307D2041}.Release|Any CPU.ActiveCfg = Release|Any CPU
		{26F0FCB4-13AF-41A5-90BC-516C307D2041}.Release|Any CPU.Build.0 = Release|Any CPU
		{44642F52-619B-4DC9-8298-C0DB7B91EDB4}.Debug|Any CPU.ActiveCfg = Debug|Any CPU
		{44642F52-619B-4DC9-8298-C0DB7B91EDB4}.Debug|Any CPU.Build.0 = Debug|Any CPU
		{44642F52-619B-4DC9-8298-C0DB7B91EDB4}.Release|Any CPU.ActiveCfg = Release|Any CPU
		{44642F52-619B-4DC9-8298-C0DB7B91EDB4}.Release|Any CPU.Build.0 = Release|Any CPU
		{9D3B9818-E637-473B-9701-A2E8CF6555DC}.Debug|Any CPU.ActiveCfg = Debug|Any CPU
		{9D3B9818-E637-473B-9701-A2E8CF6555DC}.Debug|Any CPU.Build.0 = Debug|Any CPU
		{9D3B9818-E637-473B-9701-A2E8CF6555DC}.Release|Any CPU.ActiveCfg = Release|Any CPU
		{9D3B9818-E637-473B-9701-A2E8CF6555DC}.Release|Any CPU.Build.0 = Release|Any CPU
		{149BA5BE-3CF3-4191-9FD1-AF96A5028F47}.Debug|Any CPU.ActiveCfg = Debug|Any CPU
		{149BA5BE-3CF3-4191-9FD1-AF96A5028F47}.Debug|Any CPU.Build.0 = Debug|Any CPU
		{149BA5BE-3CF3-4191-9FD1-AF96A5028F47}.Release|Any CPU.ActiveCfg = Release|Any CPU
		{149BA5BE-3CF3-4191-9FD1-AF96A5028F47}.Release|Any CPU.Build.0 = Release|Any CPU
		{6CE565FC-C382-4797-A059-DC201D1D33BD}.Debug|Any CPU.ActiveCfg = Debug|Any CPU
		{6CE565FC-C382-4797-A059-DC201D1D33BD}.Debug|Any CPU.Build.0 = Debug|Any CPU
		{6CE565FC-C382-4797-A059-DC201D1D33BD}.Release|Any CPU.ActiveCfg = Release|Any CPU
		{6CE565FC-C382-4797-A059-DC201D1D33BD}.Release|Any CPU.Build.0 = Release|Any CPU
		{AAF323B2-046A-4DFC-A034-FE5A5A908C01}.Debug|Any CPU.ActiveCfg = Debug|Any CPU
		{AAF323B2-046A-4DFC-A034-FE5A5A908C01}.Debug|Any CPU.Build.0 = Debug|Any CPU
		{AAF323B2-046A-4DFC-A034-FE5A5A908C01}.Release|Any CPU.ActiveCfg = Release|Any CPU
		{AAF323B2-046A-4DFC-A034-FE5A5A908C01}.Release|Any CPU.Build.0 = Release|Any CPU
		{23F454AE-F28A-462E-93D1-29329748B9C3}.Debug|Any CPU.ActiveCfg = Debug|Any CPU
		{23F454AE-F28A-462E-93D1-29329748B9C3}.Debug|Any CPU.Build.0 = Debug|Any CPU
		{23F454AE-F28A-462E-93D1-29329748B9C3}.Release|Any CPU.ActiveCfg = Release|Any CPU
		{23F454AE-F28A-462E-93D1-29329748B9C3}.Release|Any CPU.Build.0 = Release|Any CPU
		{75E65FCE-3F3E-4880-BBD7-438DBF2CCDFF}.Debug|Any CPU.ActiveCfg = Debug|Any CPU
		{75E65FCE-3F3E-4880-BBD7-438DBF2CCDFF}.Debug|Any CPU.Build.0 = Debug|Any CPU
		{75E65FCE-3F3E-4880-BBD7-438DBF2CCDFF}.Release|Any CPU.ActiveCfg = Release|Any CPU
		{75E65FCE-3F3E-4880-BBD7-438DBF2CCDFF}.Release|Any CPU.Build.0 = Release|Any CPU
		{B03C9197-1D64-4FCF-85FD-A249D3F0EF4C}.Debug|Any CPU.ActiveCfg = Debug|Any CPU
		{B03C9197-1D64-4FCF-85FD-A249D3F0EF4C}.Debug|Any CPU.Build.0 = Debug|Any CPU
		{B03C9197-1D64-4FCF-85FD-A249D3F0EF4C}.Release|Any CPU.ActiveCfg = Release|Any CPU
		{B03C9197-1D64-4FCF-85FD-A249D3F0EF4C}.Release|Any CPU.Build.0 = Release|Any CPU
		{6BB83F53-B27C-4CF8-B74F-B4789A2E5ADE}.Debug|Any CPU.ActiveCfg = Debug|Any CPU
		{6BB83F53-B27C-4CF8-B74F-B4789A2E5ADE}.Debug|Any CPU.Build.0 = Debug|Any CPU
		{6BB83F53-B27C-4CF8-B74F-B4789A2E5ADE}.Release|Any CPU.ActiveCfg = Release|Any CPU
		{6BB83F53-B27C-4CF8-B74F-B4789A2E5ADE}.Release|Any CPU.Build.0 = Release|Any CPU
		{E9B6CCDA-DF98-4009-B22F-E0DBC01558CA}.Debug|Any CPU.ActiveCfg = Debug|Any CPU
		{E9B6CCDA-DF98-4009-B22F-E0DBC01558CA}.Debug|Any CPU.Build.0 = Debug|Any CPU
		{E9B6CCDA-DF98-4009-B22F-E0DBC01558CA}.Release|Any CPU.ActiveCfg = Release|Any CPU
		{E9B6CCDA-DF98-4009-B22F-E0DBC01558CA}.Release|Any CPU.Build.0 = Release|Any CPU
		{063DF0CC-DDD1-47E6-A863-709D742EE0F2}.Debug|Any CPU.ActiveCfg = Debug|Any CPU
		{063DF0CC-DDD1-47E6-A863-709D742EE0F2}.Debug|Any CPU.Build.0 = Debug|Any CPU
		{063DF0CC-DDD1-47E6-A863-709D742EE0F2}.Release|Any CPU.ActiveCfg = Release|Any CPU
		{063DF0CC-DDD1-47E6-A863-709D742EE0F2}.Release|Any CPU.Build.0 = Release|Any CPU
		{B3327C58-698F-4EB8-A9CF-8992410734D3}.Debug|Any CPU.ActiveCfg = Debug|Any CPU
		{B3327C58-698F-4EB8-A9CF-8992410734D3}.Debug|Any CPU.Build.0 = Debug|Any CPU
		{B3327C58-698F-4EB8-A9CF-8992410734D3}.Release|Any CPU.ActiveCfg = Release|Any CPU
		{B3327C58-698F-4EB8-A9CF-8992410734D3}.Release|Any CPU.Build.0 = Release|Any CPU
		{7CFAAD04-D0B4-4765-BEC9-05632B67DC74}.Debug|Any CPU.ActiveCfg = Debug|Any CPU
		{7CFAAD04-D0B4-4765-BEC9-05632B67DC74}.Debug|Any CPU.Build.0 = Debug|Any CPU
		{7CFAAD04-D0B4-4765-BEC9-05632B67DC74}.Release|Any CPU.ActiveCfg = Release|Any CPU
		{7CFAAD04-D0B4-4765-BEC9-05632B67DC74}.Release|Any CPU.Build.0 = Release|Any CPU
		{5D5C3B37-DCBD-477E-AF01-93F64B152895}.Debug|Any CPU.ActiveCfg = Debug|Any CPU
		{5D5C3B37-DCBD-477E-AF01-93F64B152895}.Debug|Any CPU.Build.0 = Debug|Any CPU
		{5D5C3B37-DCBD-477E-AF01-93F64B152895}.Release|Any CPU.ActiveCfg = Release|Any CPU
		{5D5C3B37-DCBD-477E-AF01-93F64B152895}.Release|Any CPU.Build.0 = Release|Any CPU
		{AB3EA9F7-93D1-4EDA-96E7-14B9C175ACE0}.Debug|Any CPU.ActiveCfg = Debug|Any CPU
		{AB3EA9F7-93D1-4EDA-96E7-14B9C175ACE0}.Debug|Any CPU.Build.0 = Debug|Any CPU
		{AB3EA9F7-93D1-4EDA-96E7-14B9C175ACE0}.Release|Any CPU.ActiveCfg = Release|Any CPU
		{AB3EA9F7-93D1-4EDA-96E7-14B9C175ACE0}.Release|Any CPU.Build.0 = Release|Any CPU
		{A27403E1-2E43-4765-A77E-5CEBF00B174D}.Debug|Any CPU.ActiveCfg = Debug|Any CPU
		{A27403E1-2E43-4765-A77E-5CEBF00B174D}.Debug|Any CPU.Build.0 = Debug|Any CPU
		{A27403E1-2E43-4765-A77E-5CEBF00B174D}.Release|Any CPU.ActiveCfg = Release|Any CPU
		{A27403E1-2E43-4765-A77E-5CEBF00B174D}.Release|Any CPU.Build.0 = Release|Any CPU
		{817E9A4B-1A41-4C28-9B76-493675400962}.Debug|Any CPU.ActiveCfg = Debug|Any CPU
		{817E9A4B-1A41-4C28-9B76-493675400962}.Debug|Any CPU.Build.0 = Debug|Any CPU
		{817E9A4B-1A41-4C28-9B76-493675400962}.Release|Any CPU.ActiveCfg = Release|Any CPU
		{817E9A4B-1A41-4C28-9B76-493675400962}.Release|Any CPU.Build.0 = Release|Any CPU
		{7C049E7D-2C5D-45E0-BC18-E81F9BEDE1A5}.Debug|Any CPU.ActiveCfg = Debug|Any CPU
		{7C049E7D-2C5D-45E0-BC18-E81F9BEDE1A5}.Debug|Any CPU.Build.0 = Debug|Any CPU
		{7C049E7D-2C5D-45E0-BC18-E81F9BEDE1A5}.Release|Any CPU.ActiveCfg = Release|Any CPU
		{7C049E7D-2C5D-45E0-BC18-E81F9BEDE1A5}.Release|Any CPU.Build.0 = Release|Any CPU
		{ECA35EA6-77FF-4B7B-9C63-2B0B16C33B9D}.Debug|Any CPU.ActiveCfg = Debug|Any CPU
		{ECA35EA6-77FF-4B7B-9C63-2B0B16C33B9D}.Debug|Any CPU.Build.0 = Debug|Any CPU
		{ECA35EA6-77FF-4B7B-9C63-2B0B16C33B9D}.Release|Any CPU.ActiveCfg = Release|Any CPU
		{ECA35EA6-77FF-4B7B-9C63-2B0B16C33B9D}.Release|Any CPU.Build.0 = Release|Any CPU
		{5B32702E-56D8-4179-88B9-DB17F11FFD70}.Debug|Any CPU.ActiveCfg = Debug|Any CPU
		{5B32702E-56D8-4179-88B9-DB17F11FFD70}.Debug|Any CPU.Build.0 = Debug|Any CPU
		{5B32702E-56D8-4179-88B9-DB17F11FFD70}.Release|Any CPU.ActiveCfg = Release|Any CPU
		{5B32702E-56D8-4179-88B9-DB17F11FFD70}.Release|Any CPU.Build.0 = Release|Any CPU
		{7D24A70F-12B6-4A89-B206-9C20F5E21BB4}.Debug|Any CPU.ActiveCfg = Debug|Any CPU
		{7D24A70F-12B6-4A89-B206-9C20F5E21BB4}.Debug|Any CPU.Build.0 = Debug|Any CPU
		{7D24A70F-12B6-4A89-B206-9C20F5E21BB4}.Release|Any CPU.ActiveCfg = Release|Any CPU
		{7D24A70F-12B6-4A89-B206-9C20F5E21BB4}.Release|Any CPU.Build.0 = Release|Any CPU
		{99A6BBFE-3C73-4D8E-8BDF-8218AFB5F646}.Debug|Any CPU.ActiveCfg = Debug|Any CPU
		{99A6BBFE-3C73-4D8E-8BDF-8218AFB5F646}.Debug|Any CPU.Build.0 = Debug|Any CPU
		{99A6BBFE-3C73-4D8E-8BDF-8218AFB5F646}.Release|Any CPU.ActiveCfg = Release|Any CPU
		{99A6BBFE-3C73-4D8E-8BDF-8218AFB5F646}.Release|Any CPU.Build.0 = Release|Any CPU
		{6EF8DFDA-079D-466F-AD9E-FD024E4A6702}.Debug|Any CPU.ActiveCfg = Debug|Any CPU
		{6EF8DFDA-079D-466F-AD9E-FD024E4A6702}.Debug|Any CPU.Build.0 = Debug|Any CPU
		{6EF8DFDA-079D-466F-AD9E-FD024E4A6702}.Release|Any CPU.ActiveCfg = Release|Any CPU
		{6EF8DFDA-079D-466F-AD9E-FD024E4A6702}.Release|Any CPU.Build.0 = Release|Any CPU
		{945E71B0-8333-4B60-8738-42DD70C26188}.Debug|Any CPU.ActiveCfg = Debug|Any CPU
		{945E71B0-8333-4B60-8738-42DD70C26188}.Debug|Any CPU.Build.0 = Debug|Any CPU
		{945E71B0-8333-4B60-8738-42DD70C26188}.Release|Any CPU.ActiveCfg = Release|Any CPU
		{945E71B0-8333-4B60-8738-42DD70C26188}.Release|Any CPU.Build.0 = Release|Any CPU
		{E0160581-1092-488E-A992-688567E2C69B}.Debug|Any CPU.ActiveCfg = Debug|Any CPU
		{E0160581-1092-488E-A992-688567E2C69B}.Debug|Any CPU.Build.0 = Debug|Any CPU
		{E0160581-1092-488E-A992-688567E2C69B}.Release|Any CPU.ActiveCfg = Release|Any CPU
		{E0160581-1092-488E-A992-688567E2C69B}.Release|Any CPU.Build.0 = Release|Any CPU
		{FCF15EFF-CA37-4D68-BCF0-98FFB3FBAFD3}.Debug|Any CPU.ActiveCfg = Debug|Any CPU
		{FCF15EFF-CA37-4D68-BCF0-98FFB3FBAFD3}.Debug|Any CPU.Build.0 = Debug|Any CPU
		{FCF15EFF-CA37-4D68-BCF0-98FFB3FBAFD3}.Release|Any CPU.ActiveCfg = Release|Any CPU
		{FCF15EFF-CA37-4D68-BCF0-98FFB3FBAFD3}.Release|Any CPU.Build.0 = Release|Any CPU
		{AF891B62-0D6C-4C61-A2F9-06D90359E4BA}.Debug|Any CPU.ActiveCfg = Debug|Any CPU
		{AF891B62-0D6C-4C61-A2F9-06D90359E4BA}.Debug|Any CPU.Build.0 = Debug|Any CPU
		{AF891B62-0D6C-4C61-A2F9-06D90359E4BA}.Release|Any CPU.ActiveCfg = Release|Any CPU
		{AF891B62-0D6C-4C61-A2F9-06D90359E4BA}.Release|Any CPU.Build.0 = Release|Any CPU
		{F2EC4A77-C9C4-40EC-9720-3EC848E7CB01}.Debug|Any CPU.ActiveCfg = Debug|Any CPU
		{F2EC4A77-C9C4-40EC-9720-3EC848E7CB01}.Debug|Any CPU.Build.0 = Debug|Any CPU
		{F2EC4A77-C9C4-40EC-9720-3EC848E7CB01}.Release|Any CPU.ActiveCfg = Release|Any CPU
		{F2EC4A77-C9C4-40EC-9720-3EC848E7CB01}.Release|Any CPU.Build.0 = Release|Any CPU
		{5042C830-93D5-4A72-A82A-CE6B9C3DD8DC}.Debug|Any CPU.ActiveCfg = Debug|Any CPU
		{5042C830-93D5-4A72-A82A-CE6B9C3DD8DC}.Debug|Any CPU.Build.0 = Debug|Any CPU
		{5042C830-93D5-4A72-A82A-CE6B9C3DD8DC}.Release|Any CPU.ActiveCfg = Release|Any CPU
		{5042C830-93D5-4A72-A82A-CE6B9C3DD8DC}.Release|Any CPU.Build.0 = Release|Any CPU
		{41C397BC-3F6C-4749-AD95-2F00EDB12800}.Debug|Any CPU.ActiveCfg = Debug|Any CPU
		{41C397BC-3F6C-4749-AD95-2F00EDB12800}.Debug|Any CPU.Build.0 = Debug|Any CPU
		{41C397BC-3F6C-4749-AD95-2F00EDB12800}.Release|Any CPU.ActiveCfg = Release|Any CPU
		{41C397BC-3F6C-4749-AD95-2F00EDB12800}.Release|Any CPU.Build.0 = Release|Any CPU
		{7FA29215-1FFE-4473-8C6D-05F1CDE8BDEB}.Debug|Any CPU.ActiveCfg = Debug|Any CPU
		{7FA29215-1FFE-4473-8C6D-05F1CDE8BDEB}.Debug|Any CPU.Build.0 = Debug|Any CPU
		{7FA29215-1FFE-4473-8C6D-05F1CDE8BDEB}.Release|Any CPU.ActiveCfg = Release|Any CPU
		{7FA29215-1FFE-4473-8C6D-05F1CDE8BDEB}.Release|Any CPU.Build.0 = Release|Any CPU
	EndGlobalSection
	GlobalSection(SolutionProperties) = preSolution
		HideSolutionNode = FALSE
	EndGlobalSection
	GlobalSection(NestedProjects) = preSolution
		{93F919F5-BCEC-4FAC-8C7C-B7329C4795A8} = {6C8B82AF-7952-4BD9-8B98-7D5DB0E937AD}
		{5628B24A-4EA8-4324-AAB3-8FAF018A7C72} = {6C8B82AF-7952-4BD9-8B98-7D5DB0E937AD}
		{C740A8DC-AACE-44D1-87DF-7A5941F4EA10} = {5628B24A-4EA8-4324-AAB3-8FAF018A7C72}
		{26F0FCB4-13AF-41A5-90BC-516C307D2041} = {C740A8DC-AACE-44D1-87DF-7A5941F4EA10}
		{44642F52-619B-4DC9-8298-C0DB7B91EDB4} = {C740A8DC-AACE-44D1-87DF-7A5941F4EA10}
		{9D3B9818-E637-473B-9701-A2E8CF6555DC} = {C740A8DC-AACE-44D1-87DF-7A5941F4EA10}
		{149BA5BE-3CF3-4191-9FD1-AF96A5028F47} = {C740A8DC-AACE-44D1-87DF-7A5941F4EA10}
		{6CE565FC-C382-4797-A059-DC201D1D33BD} = {C740A8DC-AACE-44D1-87DF-7A5941F4EA10}
		{AAF323B2-046A-4DFC-A034-FE5A5A908C01} = {C740A8DC-AACE-44D1-87DF-7A5941F4EA10}
		{23F454AE-F28A-462E-93D1-29329748B9C3} = {C740A8DC-AACE-44D1-87DF-7A5941F4EA10}
		{75E65FCE-3F3E-4880-BBD7-438DBF2CCDFF} = {C740A8DC-AACE-44D1-87DF-7A5941F4EA10}
		{45E5AF50-1BC7-4D31-977A-66170685F992} = {5628B24A-4EA8-4324-AAB3-8FAF018A7C72}
		{B03C9197-1D64-4FCF-85FD-A249D3F0EF4C} = {45E5AF50-1BC7-4D31-977A-66170685F992}
		{6BB83F53-B27C-4CF8-B74F-B4789A2E5ADE} = {45E5AF50-1BC7-4D31-977A-66170685F992}
		{E9B6CCDA-DF98-4009-B22F-E0DBC01558CA} = {45E5AF50-1BC7-4D31-977A-66170685F992}
		{063DF0CC-DDD1-47E6-A863-709D742EE0F2} = {45E5AF50-1BC7-4D31-977A-66170685F992}
		{B3327C58-698F-4EB8-A9CF-8992410734D3} = {45E5AF50-1BC7-4D31-977A-66170685F992}
		{7CFAAD04-D0B4-4765-BEC9-05632B67DC74} = {45E5AF50-1BC7-4D31-977A-66170685F992}
		{E9DE53A7-5EEC-41A9-B68F-5C8FBB8C5E53} = {5628B24A-4EA8-4324-AAB3-8FAF018A7C72}
		{5D5C3B37-DCBD-477E-AF01-93F64B152895} = {E9DE53A7-5EEC-41A9-B68F-5C8FBB8C5E53}
		{AB3EA9F7-93D1-4EDA-96E7-14B9C175ACE0} = {E9DE53A7-5EEC-41A9-B68F-5C8FBB8C5E53}
		{A27403E1-2E43-4765-A77E-5CEBF00B174D} = {E9DE53A7-5EEC-41A9-B68F-5C8FBB8C5E53}
		{817E9A4B-1A41-4C28-9B76-493675400962} = {E9DE53A7-5EEC-41A9-B68F-5C8FBB8C5E53}
		{AE58DEC1-80F3-4ECB-A9E3-550332D26210} = {5628B24A-4EA8-4324-AAB3-8FAF018A7C72}
		{7C049E7D-2C5D-45E0-BC18-E81F9BEDE1A5} = {AE58DEC1-80F3-4ECB-A9E3-550332D26210}
		{ECA35EA6-77FF-4B7B-9C63-2B0B16C33B9D} = {AE58DEC1-80F3-4ECB-A9E3-550332D26210}
		{BF9FEB8F-4C08-423B-90BA-C7286398FC2E} = {5628B24A-4EA8-4324-AAB3-8FAF018A7C72}
		{5B32702E-56D8-4179-88B9-DB17F11FFD70} = {BF9FEB8F-4C08-423B-90BA-C7286398FC2E}
		{7D24A70F-12B6-4A89-B206-9C20F5E21BB4} = {BF9FEB8F-4C08-423B-90BA-C7286398FC2E}
		{99A6BBFE-3C73-4D8E-8BDF-8218AFB5F646} = {BF9FEB8F-4C08-423B-90BA-C7286398FC2E}
		{5AE50FFC-CCAF-44BB-B3B0-2D593FF728A6} = {5628B24A-4EA8-4324-AAB3-8FAF018A7C72}
		{6EF8DFDA-079D-466F-AD9E-FD024E4A6702} = {5AE50FFC-CCAF-44BB-B3B0-2D593FF728A6}
		{945E71B0-8333-4B60-8738-42DD70C26188} = {5AE50FFC-CCAF-44BB-B3B0-2D593FF728A6}
		{FAB44F22-FFAB-4D99-B614-C9F1BC4122B0} = {5628B24A-4EA8-4324-AAB3-8FAF018A7C72}
		{E0160581-1092-488E-A992-688567E2C69B} = {FAB44F22-FFAB-4D99-B614-C9F1BC4122B0}
		{FCF15EFF-CA37-4D68-BCF0-98FFB3FBAFD3} = {FAB44F22-FFAB-4D99-B614-C9F1BC4122B0}
		{AF891B62-0D6C-4C61-A2F9-06D90359E4BA} = {FAB44F22-FFAB-4D99-B614-C9F1BC4122B0}
		{F2EC4A77-C9C4-40EC-9720-3EC848E7CB01} = {FAB44F22-FFAB-4D99-B614-C9F1BC4122B0}
		{5042C830-93D5-4A72-A82A-CE6B9C3DD8DC} = {FAB44F22-FFAB-4D99-B614-C9F1BC4122B0}
		{41C397BC-3F6C-4749-AD95-2F00EDB12800} = {C740A8DC-AACE-44D1-87DF-7A5941F4EA10}
		{7FA29215-1FFE-4473-8C6D-05F1CDE8BDEB} = {C740A8DC-AACE-44D1-87DF-7A5941F4EA10}
	EndGlobalSection
	GlobalSection(ExtensibilityGlobals) = postSolution
		SolutionGuid = {45BE1D52-C5CC-42F3-AA79-B2ADB82BA8E2}
	EndGlobalSection
EndGlobal
